// !$*UTF8*$!
{
	archiveVersion = 1;
	classes = {
	};
	objectVersion = 55;
	objects = {

/* Begin PBXBuildFile section */
		64770F74280AA52500DD1975 /* Tests_iOS.swift in Sources */ = {isa = PBXBuildFile; fileRef = 64770F73280AA52500DD1975 /* Tests_iOS.swift */; };
		64770F76280AA52500DD1975 /* Tests_iOSLaunchTests.swift in Sources */ = {isa = PBXBuildFile; fileRef = 64770F75280AA52500DD1975 /* Tests_iOSLaunchTests.swift */; };
		64770F80280AA52500DD1975 /* Tests_macOS.swift in Sources */ = {isa = PBXBuildFile; fileRef = 64770F7F280AA52500DD1975 /* Tests_macOS.swift */; };
		64770F82280AA52500DD1975 /* Tests_macOSLaunchTests.swift in Sources */ = {isa = PBXBuildFile; fileRef = 64770F81280AA52500DD1975 /* Tests_macOSLaunchTests.swift */; };
		64770F83280AA52500DD1975 /* Grocery_and_MeApp.swift in Sources */ = {isa = PBXBuildFile; fileRef = 64770F5B280AA52300DD1975 /* Grocery_and_MeApp.swift */; };
		64770F84280AA52500DD1975 /* Grocery_and_MeApp.swift in Sources */ = {isa = PBXBuildFile; fileRef = 64770F5B280AA52300DD1975 /* Grocery_and_MeApp.swift */; };
		64770F85280AA52500DD1975 /* ContentView.swift in Sources */ = {isa = PBXBuildFile; fileRef = 64770F5C280AA52300DD1975 /* ContentView.swift */; };
		64770F86280AA52500DD1975 /* ContentView.swift in Sources */ = {isa = PBXBuildFile; fileRef = 64770F5C280AA52300DD1975 /* ContentView.swift */; };
		64770F87280AA52500DD1975 /* Assets.xcassets in Resources */ = {isa = PBXBuildFile; fileRef = 64770F5D280AA52500DD1975 /* Assets.xcassets */; };
		64770F88280AA52500DD1975 /* Assets.xcassets in Resources */ = {isa = PBXBuildFile; fileRef = 64770F5D280AA52500DD1975 /* Assets.xcassets */; };
/* End PBXBuildFile section */

/* Begin PBXContainerItemProxy section */
		64770F70280AA52500DD1975 /* PBXContainerItemProxy */ = {
			isa = PBXContainerItemProxy;
			containerPortal = 64770F56280AA52300DD1975 /* Project object */;
			proxyType = 1;
			remoteGlobalIDString = 64770F61280AA52500DD1975;
			remoteInfo = "Grocery and Me (iOS)";
		};
		64770F7C280AA52500DD1975 /* PBXContainerItemProxy */ = {
			isa = PBXContainerItemProxy;
			containerPortal = 64770F56280AA52300DD1975 /* Project object */;
			proxyType = 1;
			remoteGlobalIDString = 64770F67280AA52500DD1975;
			remoteInfo = "Grocery and Me (macOS)";
		};
/* End PBXContainerItemProxy section */

/* Begin PBXFileReference section */
		64770F5B280AA52300DD1975 /* Grocery_and_MeApp.swift */ = {isa = PBXFileReference; lastKnownFileType = sourcecode.swift; path = Grocery_and_MeApp.swift; sourceTree = "<group>"; };
		64770F5C280AA52300DD1975 /* ContentView.swift */ = {isa = PBXFileReference; lastKnownFileType = sourcecode.swift; path = ContentView.swift; sourceTree = "<group>"; };
		64770F5D280AA52500DD1975 /* Assets.xcassets */ = {isa = PBXFileReference; lastKnownFileType = folder.assetcatalog; path = Assets.xcassets; sourceTree = "<group>"; };
		64770F62280AA52500DD1975 /* Grocery and Me.app */ = {isa = PBXFileReference; explicitFileType = wrapper.application; includeInIndex = 0; path = "Grocery and Me.app"; sourceTree = BUILT_PRODUCTS_DIR; };
		64770F68280AA52500DD1975 /* Grocery and Me.app */ = {isa = PBXFileReference; explicitFileType = wrapper.application; includeInIndex = 0; path = "Grocery and Me.app"; sourceTree = BUILT_PRODUCTS_DIR; };
		64770F6A280AA52500DD1975 /* macOS.entitlements */ = {isa = PBXFileReference; lastKnownFileType = text.plist.entitlements; path = macOS.entitlements; sourceTree = "<group>"; };
		64770F6F280AA52500DD1975 /* Tests iOS.xctest */ = {isa = PBXFileReference; explicitFileType = wrapper.cfbundle; includeInIndex = 0; path = "Tests iOS.xctest"; sourceTree = BUILT_PRODUCTS_DIR; };
		64770F73280AA52500DD1975 /* Tests_iOS.swift */ = {isa = PBXFileReference; lastKnownFileType = sourcecode.swift; path = Tests_iOS.swift; sourceTree = "<group>"; };
		64770F75280AA52500DD1975 /* Tests_iOSLaunchTests.swift */ = {isa = PBXFileReference; lastKnownFileType = sourcecode.swift; path = Tests_iOSLaunchTests.swift; sourceTree = "<group>"; };
		64770F7B280AA52500DD1975 /* Tests macOS.xctest */ = {isa = PBXFileReference; explicitFileType = wrapper.cfbundle; includeInIndex = 0; path = "Tests macOS.xctest"; sourceTree = BUILT_PRODUCTS_DIR; };
		64770F7F280AA52500DD1975 /* Tests_macOS.swift */ = {isa = PBXFileReference; lastKnownFileType = sourcecode.swift; path = Tests_macOS.swift; sourceTree = "<group>"; };
		64770F81280AA52500DD1975 /* Tests_macOSLaunchTests.swift */ = {isa = PBXFileReference; lastKnownFileType = sourcecode.swift; path = Tests_macOSLaunchTests.swift; sourceTree = "<group>"; };
/* End PBXFileReference section */

/* Begin PBXFrameworksBuildPhase section */
		64770F5F280AA52500DD1975 /* Frameworks */ = {
			isa = PBXFrameworksBuildPhase;
			buildActionMask = 2147483647;
			files = (
			);
			runOnlyForDeploymentPostprocessing = 0;
		};
		64770F65280AA52500DD1975 /* Frameworks */ = {
			isa = PBXFrameworksBuildPhase;
			buildActionMask = 2147483647;
			files = (
			);
			runOnlyForDeploymentPostprocessing = 0;
		};
		64770F6C280AA52500DD1975 /* Frameworks */ = {
			isa = PBXFrameworksBuildPhase;
			buildActionMask = 2147483647;
			files = (
			);
			runOnlyForDeploymentPostprocessing = 0;
		};
		64770F78280AA52500DD1975 /* Frameworks */ = {
			isa = PBXFrameworksBuildPhase;
			buildActionMask = 2147483647;
			files = (
			);
			runOnlyForDeploymentPostprocessing = 0;
		};
/* End PBXFrameworksBuildPhase section */

/* Begin PBXGroup section */
		64770F55280AA52300DD1975 = {
			isa = PBXGroup;
			children = (
				64770F5A280AA52300DD1975 /* Shared */,
				64770F69280AA52500DD1975 /* macOS */,
				64770F72280AA52500DD1975 /* Tests iOS */,
				64770F7E280AA52500DD1975 /* Tests macOS */,
				64770F63280AA52500DD1975 /* Products */,
			);
			sourceTree = "<group>";
		};
		64770F5A280AA52300DD1975 /* Shared */ = {
			isa = PBXGroup;
			children = (
				64770F5B280AA52300DD1975 /* Grocery_and_MeApp.swift */,
				64770F5C280AA52300DD1975 /* ContentView.swift */,
				64770F5D280AA52500DD1975 /* Assets.xcassets */,
			);
			path = Shared;
			sourceTree = "<group>";
		};
		64770F63280AA52500DD1975 /* Products */ = {
			isa = PBXGroup;
			children = (
				64770F62280AA52500DD1975 /* Grocery and Me.app */,
				64770F68280AA52500DD1975 /* Grocery and Me.app */,
				64770F6F280AA52500DD1975 /* Tests iOS.xctest */,
				64770F7B280AA52500DD1975 /* Tests macOS.xctest */,
			);
			name = Products;
			sourceTree = "<group>";
		};
		64770F69280AA52500DD1975 /* macOS */ = {
			isa = PBXGroup;
			children = (
				64770F6A280AA52500DD1975 /* macOS.entitlements */,
			);
			path = macOS;
			sourceTree = "<group>";
		};
		64770F72280AA52500DD1975 /* Tests iOS */ = {
			isa = PBXGroup;
			children = (
				64770F73280AA52500DD1975 /* Tests_iOS.swift */,
				64770F75280AA52500DD1975 /* Tests_iOSLaunchTests.swift */,
			);
			path = "Tests iOS";
			sourceTree = "<group>";
		};
		64770F7E280AA52500DD1975 /* Tests macOS */ = {
			isa = PBXGroup;
			children = (
				64770F7F280AA52500DD1975 /* Tests_macOS.swift */,
				64770F81280AA52500DD1975 /* Tests_macOSLaunchTests.swift */,
			);
			path = "Tests macOS";
			sourceTree = "<group>";
		};
/* End PBXGroup section */

/* Begin PBXNativeTarget section */
		64770F61280AA52500DD1975 /* Grocery and Me (iOS) */ = {
			isa = PBXNativeTarget;
			buildConfigurationList = 64770F8B280AA52500DD1975 /* Build configuration list for PBXNativeTarget "Grocery and Me (iOS)" */;
			buildPhases = (
				64770F5E280AA52500DD1975 /* Sources */,
				64770F5F280AA52500DD1975 /* Frameworks */,
				64770F60280AA52500DD1975 /* Resources */,
			);
			buildRules = (
			);
			dependencies = (
			);
			name = "Grocery and Me (iOS)";
			productName = "Grocery and Me (iOS)";
			productReference = 64770F62280AA52500DD1975 /* Grocery and Me.app */;
			productType = "com.apple.product-type.application";
		};
		64770F67280AA52500DD1975 /* Grocery and Me (macOS) */ = {
			isa = PBXNativeTarget;
			buildConfigurationList = 64770F8E280AA52500DD1975 /* Build configuration list for PBXNativeTarget "Grocery and Me (macOS)" */;
			buildPhases = (
				64770F64280AA52500DD1975 /* Sources */,
				64770F65280AA52500DD1975 /* Frameworks */,
				64770F66280AA52500DD1975 /* Resources */,
			);
			buildRules = (
			);
			dependencies = (
			);
			name = "Grocery and Me (macOS)";
			productName = "Grocery and Me (macOS)";
			productReference = 64770F68280AA52500DD1975 /* Grocery and Me.app */;
			productType = "com.apple.product-type.application";
		};
		64770F6E280AA52500DD1975 /* Tests iOS */ = {
			isa = PBXNativeTarget;
			buildConfigurationList = 64770F91280AA52500DD1975 /* Build configuration list for PBXNativeTarget "Tests iOS" */;
			buildPhases = (
				64770F6B280AA52500DD1975 /* Sources */,
				64770F6C280AA52500DD1975 /* Frameworks */,
				64770F6D280AA52500DD1975 /* Resources */,
			);
			buildRules = (
			);
			dependencies = (
				64770F71280AA52500DD1975 /* PBXTargetDependency */,
			);
			name = "Tests iOS";
			productName = "Tests iOS";
			productReference = 64770F6F280AA52500DD1975 /* Tests iOS.xctest */;
			productType = "com.apple.product-type.bundle.ui-testing";
		};
		64770F7A280AA52500DD1975 /* Tests macOS */ = {
			isa = PBXNativeTarget;
			buildConfigurationList = 64770F94280AA52500DD1975 /* Build configuration list for PBXNativeTarget "Tests macOS" */;
			buildPhases = (
				64770F77280AA52500DD1975 /* Sources */,
				64770F78280AA52500DD1975 /* Frameworks */,
				64770F79280AA52500DD1975 /* Resources */,
			);
			buildRules = (
			);
			dependencies = (
				64770F7D280AA52500DD1975 /* PBXTargetDependency */,
			);
			name = "Tests macOS";
			productName = "Tests macOS";
			productReference = 64770F7B280AA52500DD1975 /* Tests macOS.xctest */;
			productType = "com.apple.product-type.bundle.ui-testing";
		};
/* End PBXNativeTarget section */

/* Begin PBXProject section */
		64770F56280AA52300DD1975 /* Project object */ = {
			isa = PBXProject;
			attributes = {
				BuildIndependentTargetsInParallel = 1;
				LastSwiftUpdateCheck = 1330;
				LastUpgradeCheck = 1330;
				TargetAttributes = {
					64770F61280AA52500DD1975 = {
						CreatedOnToolsVersion = 13.3.1;
					};
					64770F67280AA52500DD1975 = {
						CreatedOnToolsVersion = 13.3.1;
					};
					64770F6E280AA52500DD1975 = {
						CreatedOnToolsVersion = 13.3.1;
						TestTargetID = 64770F61280AA52500DD1975;
					};
					64770F7A280AA52500DD1975 = {
						CreatedOnToolsVersion = 13.3.1;
						TestTargetID = 64770F67280AA52500DD1975;
					};
				};
			};
			buildConfigurationList = 64770F59280AA52300DD1975 /* Build configuration list for PBXProject "Grocery and Me" */;
			compatibilityVersion = "Xcode 13.0";
			developmentRegion = en;
			hasScannedForEncodings = 0;
			knownRegions = (
				en,
				Base,
			);
			mainGroup = 64770F55280AA52300DD1975;
			productRefGroup = 64770F63280AA52500DD1975 /* Products */;
			projectDirPath = "";
			projectRoot = "";
			targets = (
				64770F61280AA52500DD1975 /* Grocery and Me (iOS) */,
				64770F67280AA52500DD1975 /* Grocery and Me (macOS) */,
				64770F6E280AA52500DD1975 /* Tests iOS */,
				64770F7A280AA52500DD1975 /* Tests macOS */,
			);
		};
/* End PBXProject section */

/* Begin PBXResourcesBuildPhase section */
		64770F60280AA52500DD1975 /* Resources */ = {
			isa = PBXResourcesBuildPhase;
			buildActionMask = 2147483647;
			files = (
				64770F87280AA52500DD1975 /* Assets.xcassets in Resources */,
			);
			runOnlyForDeploymentPostprocessing = 0;
		};
		64770F66280AA52500DD1975 /* Resources */ = {
			isa = PBXResourcesBuildPhase;
			buildActionMask = 2147483647;
			files = (
				64770F88280AA52500DD1975 /* Assets.xcassets in Resources */,
			);
			runOnlyForDeploymentPostprocessing = 0;
		};
		64770F6D280AA52500DD1975 /* Resources */ = {
			isa = PBXResourcesBuildPhase;
			buildActionMask = 2147483647;
			files = (
			);
			runOnlyForDeploymentPostprocessing = 0;
		};
		64770F79280AA52500DD1975 /* Resources */ = {
			isa = PBXResourcesBuildPhase;
			buildActionMask = 2147483647;
			files = (
			);
			runOnlyForDeploymentPostprocessing = 0;
		};
/* End PBXResourcesBuildPhase section */

/* Begin PBXSourcesBuildPhase section */
		64770F5E280AA52500DD1975 /* Sources */ = {
			isa = PBXSourcesBuildPhase;
			buildActionMask = 2147483647;
			files = (
				64770F85280AA52500DD1975 /* ContentView.swift in Sources */,
				64770F83280AA52500DD1975 /* Grocery_and_MeApp.swift in Sources */,
			);
			runOnlyForDeploymentPostprocessing = 0;
		};
		64770F64280AA52500DD1975 /* Sources */ = {
			isa = PBXSourcesBuildPhase;
			buildActionMask = 2147483647;
			files = (
				64770F86280AA52500DD1975 /* ContentView.swift in Sources */,
				64770F84280AA52500DD1975 /* Grocery_and_MeApp.swift in Sources */,
			);
			runOnlyForDeploymentPostprocessing = 0;
		};
		64770F6B280AA52500DD1975 /* Sources */ = {
			isa = PBXSourcesBuildPhase;
			buildActionMask = 2147483647;
			files = (
				64770F76280AA52500DD1975 /* Tests_iOSLaunchTests.swift in Sources */,
				64770F74280AA52500DD1975 /* Tests_iOS.swift in Sources */,
			);
			runOnlyForDeploymentPostprocessing = 0;
		};
		64770F77280AA52500DD1975 /* Sources */ = {
			isa = PBXSourcesBuildPhase;
			buildActionMask = 2147483647;
			files = (
				64770F82280AA52500DD1975 /* Tests_macOSLaunchTests.swift in Sources */,
				64770F80280AA52500DD1975 /* Tests_macOS.swift in Sources */,
			);
			runOnlyForDeploymentPostprocessing = 0;
		};
/* End PBXSourcesBuildPhase section */

/* Begin PBXTargetDependency section */
		64770F71280AA52500DD1975 /* PBXTargetDependency */ = {
			isa = PBXTargetDependency;
			target = 64770F61280AA52500DD1975 /* Grocery and Me (iOS) */;
			targetProxy = 64770F70280AA52500DD1975 /* PBXContainerItemProxy */;
		};
		64770F7D280AA52500DD1975 /* PBXTargetDependency */ = {
			isa = PBXTargetDependency;
			target = 64770F67280AA52500DD1975 /* Grocery and Me (macOS) */;
			targetProxy = 64770F7C280AA52500DD1975 /* PBXContainerItemProxy */;
		};
/* End PBXTargetDependency section */

/* Begin XCBuildConfiguration section */
		64770F89280AA52500DD1975 /* Debug */ = {
			isa = XCBuildConfiguration;
			buildSettings = {
				ALWAYS_SEARCH_USER_PATHS = NO;
				CLANG_ANALYZER_NONNULL = YES;
				CLANG_ANALYZER_NUMBER_OBJECT_CONVERSION = YES_AGGRESSIVE;
				CLANG_CXX_LANGUAGE_STANDARD = "gnu++17";
				CLANG_ENABLE_MODULES = YES;
				CLANG_ENABLE_OBJC_ARC = YES;
				CLANG_ENABLE_OBJC_WEAK = YES;
				CLANG_WARN_BLOCK_CAPTURE_AUTORELEASING = YES;
				CLANG_WARN_BOOL_CONVERSION = YES;
				CLANG_WARN_COMMA = YES;
				CLANG_WARN_CONSTANT_CONVERSION = YES;
				CLANG_WARN_DEPRECATED_OBJC_IMPLEMENTATIONS = YES;
				CLANG_WARN_DIRECT_OBJC_ISA_USAGE = YES_ERROR;
				CLANG_WARN_DOCUMENTATION_COMMENTS = YES;
				CLANG_WARN_EMPTY_BODY = YES;
				CLANG_WARN_ENUM_CONVERSION = YES;
				CLANG_WARN_INFINITE_RECURSION = YES;
				CLANG_WARN_INT_CONVERSION = YES;
				CLANG_WARN_NON_LITERAL_NULL_CONVERSION = YES;
				CLANG_WARN_OBJC_IMPLICIT_RETAIN_SELF = YES;
				CLANG_WARN_OBJC_LITERAL_CONVERSION = YES;
				CLANG_WARN_OBJC_ROOT_CLASS = YES_ERROR;
				CLANG_WARN_QUOTED_INCLUDE_IN_FRAMEWORK_HEADER = YES;
				CLANG_WARN_RANGE_LOOP_ANALYSIS = YES;
				CLANG_WARN_STRICT_PROTOTYPES = YES;
				CLANG_WARN_SUSPICIOUS_MOVE = YES;
				CLANG_WARN_UNGUARDED_AVAILABILITY = YES_AGGRESSIVE;
				CLANG_WARN_UNREACHABLE_CODE = YES;
				CLANG_WARN__DUPLICATE_METHOD_MATCH = YES;
				COPY_PHASE_STRIP = NO;
				DEBUG_INFORMATION_FORMAT = dwarf;
				ENABLE_STRICT_OBJC_MSGSEND = YES;
				ENABLE_TESTABILITY = YES;
				GCC_C_LANGUAGE_STANDARD = gnu11;
				GCC_DYNAMIC_NO_PIC = NO;
				GCC_NO_COMMON_BLOCKS = YES;
				GCC_OPTIMIZATION_LEVEL = 0;
				GCC_PREPROCESSOR_DEFINITIONS = (
					"DEBUG=1",
					"$(inherited)",
				);
				GCC_WARN_64_TO_32_BIT_CONVERSION = YES;
				GCC_WARN_ABOUT_RETURN_TYPE = YES_ERROR;
				GCC_WARN_UNDECLARED_SELECTOR = YES;
				GCC_WARN_UNINITIALIZED_AUTOS = YES_AGGRESSIVE;
				GCC_WARN_UNUSED_FUNCTION = YES;
				GCC_WARN_UNUSED_VARIABLE = YES;
				MTL_ENABLE_DEBUG_INFO = INCLUDE_SOURCE;
				MTL_FAST_MATH = YES;
				ONLY_ACTIVE_ARCH = YES;
				SWIFT_ACTIVE_COMPILATION_CONDITIONS = DEBUG;
				SWIFT_OPTIMIZATION_LEVEL = "-Onone";
			};
			name = Debug;
		};
		64770F8A280AA52500DD1975 /* Release */ = {
			isa = XCBuildConfiguration;
			buildSettings = {
				ALWAYS_SEARCH_USER_PATHS = NO;
				CLANG_ANALYZER_NONNULL = YES;
				CLANG_ANALYZER_NUMBER_OBJECT_CONVERSION = YES_AGGRESSIVE;
				CLANG_CXX_LANGUAGE_STANDARD = "gnu++17";
				CLANG_ENABLE_MODULES = YES;
				CLANG_ENABLE_OBJC_ARC = YES;
				CLANG_ENABLE_OBJC_WEAK = YES;
				CLANG_WARN_BLOCK_CAPTURE_AUTORELEASING = YES;
				CLANG_WARN_BOOL_CONVERSION = YES;
				CLANG_WARN_COMMA = YES;
				CLANG_WARN_CONSTANT_CONVERSION = YES;
				CLANG_WARN_DEPRECATED_OBJC_IMPLEMENTATIONS = YES;
				CLANG_WARN_DIRECT_OBJC_ISA_USAGE = YES_ERROR;
				CLANG_WARN_DOCUMENTATION_COMMENTS = YES;
				CLANG_WARN_EMPTY_BODY = YES;
				CLANG_WARN_ENUM_CONVERSION = YES;
				CLANG_WARN_INFINITE_RECURSION = YES;
				CLANG_WARN_INT_CONVERSION = YES;
				CLANG_WARN_NON_LITERAL_NULL_CONVERSION = YES;
				CLANG_WARN_OBJC_IMPLICIT_RETAIN_SELF = YES;
				CLANG_WARN_OBJC_LITERAL_CONVERSION = YES;
				CLANG_WARN_OBJC_ROOT_CLASS = YES_ERROR;
				CLANG_WARN_QUOTED_INCLUDE_IN_FRAMEWORK_HEADER = YES;
				CLANG_WARN_RANGE_LOOP_ANALYSIS = YES;
				CLANG_WARN_STRICT_PROTOTYPES = YES;
				CLANG_WARN_SUSPICIOUS_MOVE = YES;
				CLANG_WARN_UNGUARDED_AVAILABILITY = YES_AGGRESSIVE;
				CLANG_WARN_UNREACHABLE_CODE = YES;
				CLANG_WARN__DUPLICATE_METHOD_MATCH = YES;
				COPY_PHASE_STRIP = NO;
				DEBUG_INFORMATION_FORMAT = "dwarf-with-dsym";
				ENABLE_NS_ASSERTIONS = NO;
				ENABLE_STRICT_OBJC_MSGSEND = YES;
				GCC_C_LANGUAGE_STANDARD = gnu11;
				GCC_NO_COMMON_BLOCKS = YES;
				GCC_WARN_64_TO_32_BIT_CONVERSION = YES;
				GCC_WARN_ABOUT_RETURN_TYPE = YES_ERROR;
				GCC_WARN_UNDECLARED_SELECTOR = YES;
				GCC_WARN_UNINITIALIZED_AUTOS = YES_AGGRESSIVE;
				GCC_WARN_UNUSED_FUNCTION = YES;
				GCC_WARN_UNUSED_VARIABLE = YES;
				MTL_ENABLE_DEBUG_INFO = NO;
				MTL_FAST_MATH = YES;
				SWIFT_COMPILATION_MODE = wholemodule;
				SWIFT_OPTIMIZATION_LEVEL = "-O";
			};
			name = Release;
		};
		64770F8C280AA52500DD1975 /* Debug */ = {
			isa = XCBuildConfiguration;
			buildSettings = {
				ASSETCATALOG_COMPILER_APPICON_NAME = AppIcon;
				ASSETCATALOG_COMPILER_GLOBAL_ACCENT_COLOR_NAME = AccentColor;
				CODE_SIGN_STYLE = Automatic;
				CURRENT_PROJECT_VERSION = 1;
				DEVELOPMENT_TEAM = 84BDDMKF3C;
				ENABLE_PREVIEWS = YES;
				GENERATE_INFOPLIST_FILE = YES;
				INFOPLIST_KEY_UIApplicationSceneManifest_Generation = YES;
				INFOPLIST_KEY_UIApplicationSupportsIndirectInputEvents = YES;
				INFOPLIST_KEY_UILaunchScreen_Generation = YES;
				INFOPLIST_KEY_UISupportedInterfaceOrientations_iPad = "UIInterfaceOrientationPortrait UIInterfaceOrientationPortraitUpsideDown UIInterfaceOrientationLandscapeLeft UIInterfaceOrientationLandscapeRight";
				INFOPLIST_KEY_UISupportedInterfaceOrientations_iPhone = "UIInterfaceOrientationPortrait UIInterfaceOrientationLandscapeLeft UIInterfaceOrientationLandscapeRight";
				IPHONEOS_DEPLOYMENT_TARGET = 15.4;
				LD_RUNPATH_SEARCH_PATHS = (
					"$(inherited)",
					"@executable_path/Frameworks",
				);
				MARKETING_VERSION = 1.0;
				PRODUCT_BUNDLE_IDENTIFIER = "com.taiyouapps.Grocery-and-Me";
				PRODUCT_NAME = "Grocery and Me";
				SDKROOT = iphoneos;
				SWIFT_EMIT_LOC_STRINGS = YES;
				SWIFT_VERSION = 5.0;
				TARGETED_DEVICE_FAMILY = "1,2";
			};
			name = Debug;
		};
		64770F8D280AA52500DD1975 /* Release */ = {
			isa = XCBuildConfiguration;
			buildSettings = {
				ASSETCATALOG_COMPILER_APPICON_NAME = AppIcon;
				ASSETCATALOG_COMPILER_GLOBAL_ACCENT_COLOR_NAME = AccentColor;
				CODE_SIGN_STYLE = Automatic;
				CURRENT_PROJECT_VERSION = 1;
				DEVELOPMENT_TEAM = 84BDDMKF3C;
				ENABLE_PREVIEWS = YES;
				GENERATE_INFOPLIST_FILE = YES;
				INFOPLIST_KEY_UIApplicationSceneManifest_Generation = YES;
				INFOPLIST_KEY_UIApplicationSupportsIndirectInputEvents = YES;
				INFOPLIST_KEY_UILaunchScreen_Generation = YES;
				INFOPLIST_KEY_UISupportedInterfaceOrientations_iPad = "UIInterfaceOrientationPortrait UIInterfaceOrientationPortraitUpsideDown UIInterfaceOrientationLandscapeLeft UIInterfaceOrientationLandscapeRight";
				INFOPLIST_KEY_UISupportedInterfaceOrientations_iPhone = "UIInterfaceOrientationPortrait UIInterfaceOrientationLandscapeLeft UIInterfaceOrientationLandscapeRight";
				IPHONEOS_DEPLOYMENT_TARGET = 15.4;
				LD_RUNPATH_SEARCH_PATHS = (
					"$(inherited)",
					"@executable_path/Frameworks",
				);
				MARKETING_VERSION = 1.0;
				PRODUCT_BUNDLE_IDENTIFIER = "com.taiyouapps.Grocery-and-Me";
				PRODUCT_NAME = "Grocery and Me";
				SDKROOT = iphoneos;
				SWIFT_EMIT_LOC_STRINGS = YES;
				SWIFT_VERSION = 5.0;
				TARGETED_DEVICE_FAMILY = "1,2";
				VALIDATE_PRODUCT = YES;
			};
			name = Release;
		};
		64770F8F280AA52500DD1975 /* Debug */ = {
			isa = XCBuildConfiguration;
			buildSettings = {
				ASSETCATALOG_COMPILER_APPICON_NAME = AppIcon;
				ASSETCATALOG_COMPILER_GLOBAL_ACCENT_COLOR_NAME = AccentColor;
				CODE_SIGN_ENTITLEMENTS = macOS/macOS.entitlements;
				CODE_SIGN_STYLE = Automatic;
				COMBINE_HIDPI_IMAGES = YES;
				CURRENT_PROJECT_VERSION = 1;
				DEVELOPMENT_TEAM = 84BDDMKF3C;
				ENABLE_HARDENED_RUNTIME = YES;
				ENABLE_PREVIEWS = YES;
				GENERATE_INFOPLIST_FILE = YES;
				INFOPLIST_KEY_NSHumanReadableCopyright = "";
				LD_RUNPATH_SEARCH_PATHS = (
					"$(inherited)",
					"@executable_path/../Frameworks",
				);
				MACOSX_DEPLOYMENT_TARGET = 12.3;
				MARKETING_VERSION = 1.0;
				PRODUCT_BUNDLE_IDENTIFIER = "com.taiyouapps.Grocery-and-Me";
				PRODUCT_NAME = "Grocery and Me";
				SDKROOT = macosx;
				SWIFT_EMIT_LOC_STRINGS = YES;
				SWIFT_VERSION = 5.0;
			};
			name = Debug;
		};
		64770F90280AA52500DD1975 /* Release */ = {
			isa = XCBuildConfiguration;
			buildSettings = {
				ASSETCATALOG_COMPILER_APPICON_NAME = AppIcon;
				ASSETCATALOG_COMPILER_GLOBAL_ACCENT_COLOR_NAME = AccentColor;
				CODE_SIGN_ENTITLEMENTS = macOS/macOS.entitlements;
				CODE_SIGN_STYLE = Automatic;
				COMBINE_HIDPI_IMAGES = YES;
				CURRENT_PROJECT_VERSION = 1;
				DEVELOPMENT_TEAM = 84BDDMKF3C;
				ENABLE_HARDENED_RUNTIME = YES;
				ENABLE_PREVIEWS = YES;
				GENERATE_INFOPLIST_FILE = YES;
				INFOPLIST_KEY_NSHumanReadableCopyright = "";
				LD_RUNPATH_SEARCH_PATHS = (
					"$(inherited)",
					"@executable_path/../Frameworks",
				);
				MACOSX_DEPLOYMENT_TARGET = 12.3;
				MARKETING_VERSION = 1.0;
				PRODUCT_BUNDLE_IDENTIFIER = "com.taiyouapps.Grocery-and-Me";
				PRODUCT_NAME = "Grocery and Me";
				SDKROOT = macosx;
				SWIFT_EMIT_LOC_STRINGS = YES;
				SWIFT_VERSION = 5.0;
			};
			name = Release;
		};
		64770F92280AA52500DD1975 /* Debug */ = {
			isa = XCBuildConfiguration;
			buildSettings = {
				ALWAYS_EMBED_SWIFT_STANDARD_LIBRARIES = YES;
				CODE_SIGN_STYLE = Automatic;
				CURRENT_PROJECT_VERSION = 1;
				DEVELOPMENT_TEAM = 84BDDMKF3C;
				GENERATE_INFOPLIST_FILE = YES;
				IPHONEOS_DEPLOYMENT_TARGET = 15.4;
				MARKETING_VERSION = 1.0;
				PRODUCT_BUNDLE_IDENTIFIER = "com.taiyouapps.Tests-iOS";
				PRODUCT_NAME = "$(TARGET_NAME)";
				SDKROOT = iphoneos;
				SWIFT_EMIT_LOC_STRINGS = NO;
				SWIFT_VERSION = 5.0;
				TARGETED_DEVICE_FAMILY = "1,2";
				TEST_TARGET_NAME = "Grocery and Me (iOS)";
			};
			name = Debug;
		};
		64770F93280AA52500DD1975 /* Release */ = {
			isa = XCBuildConfiguration;
			buildSettings = {
				ALWAYS_EMBED_SWIFT_STANDARD_LIBRARIES = YES;
				CODE_SIGN_STYLE = Automatic;
				CURRENT_PROJECT_VERSION = 1;
				DEVELOPMENT_TEAM = 84BDDMKF3C;
				GENERATE_INFOPLIST_FILE = YES;
				IPHONEOS_DEPLOYMENT_TARGET = 15.4;
				MARKETING_VERSION = 1.0;
				PRODUCT_BUNDLE_IDENTIFIER = "com.taiyouapps.Tests-iOS";
				PRODUCT_NAME = "$(TARGET_NAME)";
				SDKROOT = iphoneos;
				SWIFT_EMIT_LOC_STRINGS = NO;
				SWIFT_VERSION = 5.0;
				TARGETED_DEVICE_FAMILY = "1,2";
				TEST_TARGET_NAME = "Grocery and Me (iOS)";
				VALIDATE_PRODUCT = YES;
			};
			name = Release;
		};
		64770F95280AA52500DD1975 /* Debug */ = {
			isa = XCBuildConfiguration;
			buildSettings = {
				ALWAYS_EMBED_SWIFT_STANDARD_LIBRARIES = YES;
				CODE_SIGN_STYLE = Automatic;
				CURRENT_PROJECT_VERSION = 1;
				DEVELOPMENT_TEAM = 84BDDMKF3C;
				GENERATE_INFOPLIST_FILE = YES;
				MACOSX_DEPLOYMENT_TARGET = 12.3;
				MARKETING_VERSION = 1.0;
				PRODUCT_BUNDLE_IDENTIFIER = "com.taiyouapps.Tests-macOS";
				PRODUCT_NAME = "$(TARGET_NAME)";
				SDKROOT = macosx;
				SWIFT_EMIT_LOC_STRINGS = NO;
				SWIFT_VERSION = 5.0;
				TEST_TARGET_NAME = "Grocery and Me (macOS)";
			};
			name = Debug;
		};
		64770F96280AA52500DD1975 /* Release */ = {
			isa = XCBuildConfiguration;
			buildSettings = {
				ALWAYS_EMBED_SWIFT_STANDARD_LIBRARIES = YES;
				CODE_SIGN_STYLE = Automatic;
				CURRENT_PROJECT_VERSION = 1;
				DEVELOPMENT_TEAM = 84BDDMKF3C;
				GENERATE_INFOPLIST_FILE = YES;
				MACOSX_DEPLOYMENT_TARGET = 12.3;
				MARKETING_VERSION = 1.0;
				PRODUCT_BUNDLE_IDENTIFIER = "com.taiyouapps.Tests-macOS";
				PRODUCT_NAME = "$(TARGET_NAME)";
				SDKROOT = macosx;
				SWIFT_EMIT_LOC_STRINGS = NO;
				SWIFT_VERSION = 5.0;
				TEST_TARGET_NAME = "Grocery and Me (macOS)";
			};
			name = Release;
		};
/* End XCBuildConfiguration section */

/* Begin XCConfigurationList section */
		64770F59280AA52300DD1975 /* Build configuration list for PBXProject "Grocery and Me" */ = {
			isa = XCConfigurationList;
			buildConfigurations = (
				64770F89280AA52500DD1975 /* Debug */,
				64770F8A280AA52500DD1975 /* Release */,
			);
			defaultConfigurationIsVisible = 0;
			defaultConfigurationName = Release;
		};
		64770F8B280AA52500DD1975 /* Build configuration list for PBXNativeTarget "Grocery and Me (iOS)" */ = {
			isa = XCConfigurationList;
			buildConfigurations = (
				64770F8C280AA52500DD1975 /* Debug */,
				64770F8D280AA52500DD1975 /* Release */,
			);
			defaultConfigurationIsVisible = 0;
			defaultConfigurationName = Release;
		};
		64770F8E280AA52500DD1975 /* Build configuration list for PBXNativeTarget "Grocery and Me (macOS)" */ = {
			isa = XCConfigurationList;
			buildConfigurations = (
				64770F8F280AA52500DD1975 /* Debug */,
				64770F90280AA52500DD1975 /* Release */,
			);
			defaultConfigurationIsVisible = 0;
			defaultConfigurationName = Release;
		};
		64770F91280AA52500DD1975 /* Build configuration list for PBXNativeTarget "Tests iOS" */ = {
			isa = XCConfigurationList;
			buildConfigurations = (
				64770F92280AA52500DD1975 /* Debug */,
				64770F93280AA52500DD1975 /* Release */,
			);
			defaultConfigurationIsVisible = 0;
			defaultConfigurationName = Release;
		};
		64770F94280AA52500DD1975 /* Build configuration list for PBXNativeTarget "Tests macOS" */ = {
			isa = XCConfigurationList;
			buildConfigurations = (
				64770F95280AA52500DD1975 /* Debug */,
				64770F96280AA52500DD1975 /* Release */,
			);
			defaultConfigurationIsVisible = 0;
			defaultConfigurationName = Release;
		};
/* End XCConfigurationList section */
	};
	rootObject = 64770F56280AA52300DD1975 /* Project object */;
}
